
Microsoft Visual Studio Solution File, Format Version 12.00
# Visual Studio Version 17
VisualStudioVersion = 17.1.32328.378
MinimumVisualStudioVersion = 10.0.40219.1
Project("{FAE04EC0-301F-11D3-BF4B-00C04F79EFBC}") = "Hotel_El_Dorado", "Hotel_El_Dorado\Hotel_El_Dorado.csproj", "{33F89899-D3F4-4166-BFCE-C2C5A0229588}"
EndProject
Global
	GlobalSection(SolutionConfigurationPlatforms) = preSolution
		Debug|Any CPU = Debug|Any CPU
		Release|Any CPU = Release|Any CPU
	EndGlobalSection
	GlobalSection(ProjectConfigurationPlatforms) = postSolution
		{33F89899-D3F4-4166-BFCE-C2C5A0229588}.Debug|Any CPU.ActiveCfg = Debug|Any CPU
		{33F89899-D3F4-4166-BFCE-C2C5A0229588}.Debug|Any CPU.Build.0 = Debug|Any CPU
		{33F89899-D3F4-4166-BFCE-C2C5A0229588}.Release|Any CPU.ActiveCfg = Release|Any CPU
		{33F89899-D3F4-4166-BFCE-C2C5A0229588}.Release|Any CPU.Build.0 = Release|Any CPU
	EndGlobalSection
	GlobalSection(SolutionProperties) = preSolution
		HideSolutionNode = FALSE
	EndGlobalSection
	GlobalSection(ExtensibilityGlobals) = postSolution
		SolutionGuid = {0B07A3B6-5DDD-4566-B860-88F2E0517D8B}
	EndGlobalSection
EndGlobal
